
Microsoft Visual Studio Solution File, Format Version 12.00
# Visual Studio 15
VisualStudioVersion = 15.0.28010.2048
MinimumVisualStudioVersion = 10.0.40219.1
Project("{FAE04EC0-301F-11D3-BF4B-00C04F79EFBC}") = "Test01", "Test01\Test01.csproj", "{BE76D0E0-D0C3-4BFB-848B-39790B0E8B18}"
EndProject
Global
	GlobalSection(SolutionConfigurationPlatforms) = preSolution
		Debug|Any CPU = Debug|Any CPU
		Release|Any CPU = Release|Any CPU
	EndGlobalSection
	GlobalSection(ProjectConfigurationPlatforms) = postSolution
		{BE76D0E0-D0C3-4BFB-848B-39790B0E8B18}.Debug|Any CPU.ActiveCfg = Debug|Any CPU
		{BE76D0E0-D0C3-4BFB-848B-39790B0E8B18}.Debug|Any CPU.Build.0 = Debug|Any CPU
		{BE76D0E0-D0C3-4BFB-848B-39790B0E8B18}.Release|Any CPU.ActiveCfg = Release|Any CPU
		{BE76D0E0-D0C3-4BFB-848B-39790B0E8B18}.Release|Any CPU.Build.0 = Release|Any CPU
	EndGlobalSection
	GlobalSection(SolutionProperties) = preSolution
		HideSolutionNode = FALSE
	EndGlobalSection
	GlobalSection(ExtensibilityGlobals) = postSolution
		SolutionGuid = {AF1D07FF-B0E6-4CE6-9640-28AE6EF32504}
	EndGlobalSection
EndGlobal
